{
  "nodes": {
    "dank-qml-common": {
      "flake": false,
      "locked": {
        "lastModified": 1788376015,
        "narHash": "sha256-/tT8rTznLADndTwLBzdgzzgfJH1ZhYQibYo5v/F8U+U=",
        "owner": "AvengeMedia",
        "repo": "dank-qml-common",
        "rev": "26396ce432d6c71c3f5367438f96f4a8d667e160",
        "type": "github"
      },
      "original": {
        "owner": "AvengeMedia",
        "repo": "dank-qml-common",
        "type": "github"
      }
    },
    "dms": {
      "inputs": {
        "dank-qml-common": "dank-qml-common",
        "flake-compat": "flake-compat",
        "nixpkgs": [
          "nixpkgs"
        ]
      },
      "locked": {
        "lastModified": 1788532117,
        "narHash": "sha256-61AE2ioGtV81WCar1ozMxgB9XqMQWIiU48yTl6q3KWQ=",
        "owner": "AvengeMedia",
        "repo": "DankMaterialShell",
        "rev": "07d8e286682eacbd2a19f59663a11a9cb4b4f8a7",
        "type": "github"
      },
      "original": {
        "owner": "AvengeMedia",
        "repo": "DankMaterialShell",
        "type": "github"
      }
    },
    "flake-compat": {
      "flake": false,
      "locked": {
        "lastModified": 1767039857,
        "narHash": "sha256-vNpUSpF5Nuw8xvDLj2KCwwksIbjua2LZCqhV1LNRDns=",
        "owner": "NixOS",
        "repo": "flake-compat",
        "rev": "5edf11c44bc78a0d334f6334cdaf7d60d732daab",
        "type": "github"
      },
      "original": {
        "owner": "NixOS",
        "repo": "flake-compat",
        "type": "github"
      }
    },
    "home-manager": {
      "inputs": {
        "nixpkgs": [
          "nixpkgs"
        ]
      },
      "locked": {
        "lastModified": 1788487777,
        "narHash": "sha256-Ro/e1N4ZR8/XaFF+sF9SgfPK79HM5YNEppzFj8p+0Ak=",
        "owner": "nix-community",
        "repo": "home-manager",
        "rev": "693e8ce0fb240a73c116a03cfd7b19269c87af88",
        "type": "github"
      },
      "original": {
        "owner": "nix-community",
        "repo": "home-manager",
        "type": "github"
      }
    },
    "nixpkgs": {
      "locked": {
        "lastModified": 1788316716,
        "narHash": "sha256-bc7rSpXIdn9QWGNqfWcPZWOhEVF8NoeAZkWq0XWnf/k=",
        "owner": "NixOS",
        "repo": "nixpkgs",
        "rev": "3ed67ec0a4d3c7ab4ae1f04f8ee8df07bfa506a2",
        "type": "github"
      },
      "original": {
        "owner": "NixOS",
        "ref": "nixos-unstable",
        "repo": "nixpkgs",
        "type": "github"
      }
    },
    "root": {
      "inputs": {
        "dms": "dms",
        "home-manager": "home-manager",
        "nixpkgs": "nixpkgs",
        "zennotes": "zennotes"
      }
    },
    "zennotes": {
      "inputs": {
        "nixpkgs": [
          "nixpkgs"
        ]
      },
      "locked": {
        "lastModified": 1788376644,
        "narHash": "sha256-JaKVSk2jmkSVVhqfG9gWzq8sGveR2/tuFgTbRk5PPkY=",
        "owner": "ZenNotes",
        "repo": "zennotes",
        "rev": "e2fb64c796efc3d46e74d4397c69427fe210f3b7",
        "type": "github"
      },
      "original": {
        "owner": "ZenNotes",
        "repo": "zennotes",
        "type": "github"
      }
    }
  },
  "root": "root",
  "version": 7
}
