{
  "nodes": {
    "home-manager": {
      "inputs": {
        "nixpkgs": [
          "nixpkgs"
        ]
      },
      "locked": {
        "lastModified": 1780593650,
        "narHash": "sha256-CHo7k65YTL3HY+WQVedDTupji+LMgNlKCdrtRHZFAK4=",
        "owner": "nix-community",
        "repo": "home-manager",
        "rev": "447fd9ff62501dae7206dfe180ee89f8de27b7d5",
        "type": "github"
      },
      "original": {
        "owner": "nix-community",
        "repo": "home-manager",
        "type": "github"
      }
    },
    "nixpkgs": {
      "locked": {
        "lastModified": 1780243769,
        "narHash": "sha256-x5UQuRsH3MqI0U9afaXSNqzTPSeZlRLvFAav2Ux1pNw=",
        "owner": "NixOS",
        "repo": "nixpkgs",
        "rev": "331800de5053fcebacf6813adb5db9c9dca22a0c",
        "type": "github"
      },
      "original": {
        "owner": "NixOS",
        "ref": "nixos-unstable",
        "repo": "nixpkgs",
        "type": "github"
      }
    },
    "nixpkgs_2": {
      "locked": {
        "lastModified": 1781074563,
        "narHash": "sha256-md8WlXOlfnIeHeOScMTTHFyf2d6iaTwPl2apR5EQ3P4=",
        "owner": "NixOS",
        "repo": "nixpkgs",
        "rev": "9ae611a455b90cf061d8f332b977e387bda8e1ca",
        "type": "github"
      },
      "original": {
        "owner": "NixOS",
        "ref": "nixos-unstable",
        "repo": "nixpkgs",
        "type": "github"
      }
    },
    "root": {
      "inputs": {
        "home-manager": "home-manager",
        "nixpkgs": "nixpkgs",
        "zennotes": "zennotes"
      }
    },
    "zennotes": {
      "inputs": {
        "nixpkgs": "nixpkgs_2"
      },
      "locked": {
        "lastModified": 1782312393,
        "narHash": "sha256-dC87ANmLoI0dDSNH9SqXTKnaRFC7TluIxEsK5wiebO4=",
        "owner": "ZenNotes",
        "repo": "zennotes",
        "rev": "e9203aea4dd67f13050b52ee410c31cadcde43c8",
        "type": "github"
      },
      "original": {
        "owner": "ZenNotes",
        "repo": "zennotes",
        "type": "github"
      }
    }
  },
  "root": "root",
  "version": 7
}
